
Microsoft Visual Studio Solution File, Format Version 12.00
# Visual Studio Version 17
VisualStudioVersion = 17.9.34728.123
MinimumVisualStudioVersion = 10.0.40219.1
Project("{9A19103F-16F7-4668-BE54-9A1E7A4F7556}") = "DAL", "DAL\DAL.csproj", "{B87FCB64-A78C-4D35-A5CD-491DB30DAF1F}"
EndProject
Project("{9A19103F-16F7-4668-BE54-9A1E7A4F7556}") = "EpicSolutions.Types", "EpicSolutions.Types\EpicSolutions.Types.csproj", "{D336917C-9036-44CC-8586-C55AD04127C4}"
EndProject
Project("{9A19103F-16F7-4668-BE54-9A1E7A4F7556}") = "EpicSolutions.Repo", "EpicSolutions.Repo\EpicSolutions.Repo.csproj", "{3158779A-0A1D-432D-874B-E3F8B1E4033B}"
EndProject
Project("{9A19103F-16F7-4668-BE54-9A1E7A4F7556}") = "EpicSolutions.Model", "EpicSolutions.Model\EpicSolutions.Model.csproj", "{13ADD867-930E-4710-8157-B6775B2EE224}"
EndProject
Project("{9A19103F-16F7-4668-BE54-9A1E7A4F7556}") = "EpicSolutions.Service", "EpicSolutions.Service\EpicSolutions.Service.csproj", "{0ED9C09C-EE66-4D67-9CE8-F4B4F60A7BBE}"
EndProject
Project("{9A19103F-16F7-4668-BE54-9A1E7A4F7556}") = "EpicSolutions.Web", "EpicSolutions.Web\EpicSolutions.Web.csproj", "{BD305CFC-818D-4260-983E-DB813455375F}"
EndProject
Project("{9A19103F-16F7-4668-BE54-9A1E7A4F7556}") = "EpicSolutions.API", "EpicSolutions.API\EpicSolutions.API.csproj", "{362CAF7D-5E87-4507-ABD4-8E74E63B0BE6}"
EndProject
Project("{FAE04EC0-301F-11D3-BF4B-00C04F79EFBC}") = "EpicSolutions.MailService", "EpicSolutions.MailService\EpicSolutions.MailService.csproj", "{279F8315-5D5F-4B0E-993D-C0744CB9CBC4}"
EndProject
Global
	GlobalSection(SolutionConfigurationPlatforms) = preSolution
		Debug|Any CPU = Debug|Any CPU
		Release|Any CPU = Release|Any CPU
	EndGlobalSection
	GlobalSection(ProjectConfigurationPlatforms) = postSolution
		{B87FCB64-A78C-4D35-A5CD-491DB30DAF1F}.Debug|Any CPU.ActiveCfg = Debug|Any CPU
		{B87FCB64-A78C-4D35-A5CD-491DB30DAF1F}.Debug|Any CPU.Build.0 = Debug|Any CPU
		{B87FCB64-A78C-4D35-A5CD-491DB30DAF1F}.Release|Any CPU.ActiveCfg = Release|Any CPU
		{B87FCB64-A78C-4D35-A5CD-491DB30DAF1F}.Release|Any CPU.Build.0 = Release|Any CPU
		{D336917C-9036-44CC-8586-C55AD04127C4}.Debug|Any CPU.ActiveCfg = Debug|Any CPU
		{D336917C-9036-44CC-8586-C55AD04127C4}.Debug|Any CPU.Build.0 = Debug|Any CPU
		{D336917C-9036-44CC-8586-C55AD04127C4}.Release|Any CPU.ActiveCfg = Release|Any CPU
		{D336917C-9036-44CC-8586-C55AD04127C4}.Release|Any CPU.Build.0 = Release|Any CPU
		{3158779A-0A1D-432D-874B-E3F8B1E4033B}.Debug|Any CPU.ActiveCfg = Debug|Any CPU
		{3158779A-0A1D-432D-874B-E3F8B1E4033B}.Debug|Any CPU.Build.0 = Debug|Any CPU
		{3158779A-0A1D-432D-874B-E3F8B1E4033B}.Release|Any CPU.ActiveCfg = Release|Any CPU
		{3158779A-0A1D-432D-874B-E3F8B1E4033B}.Release|Any CPU.Build.0 = Release|Any CPU
		{13ADD867-930E-4710-8157-B6775B2EE224}.Debug|Any CPU.ActiveCfg = Debug|Any CPU
		{13ADD867-930E-4710-8157-B6775B2EE224}.Debug|Any CPU.Build.0 = Debug|Any CPU
		{13ADD867-930E-4710-8157-B6775B2EE224}.Release|Any CPU.ActiveCfg = Release|Any CPU
		{13ADD867-930E-4710-8157-B6775B2EE224}.Release|Any CPU.Build.0 = Release|Any CPU
		{0ED9C09C-EE66-4D67-9CE8-F4B4F60A7BBE}.Debug|Any CPU.ActiveCfg = Debug|Any CPU
		{0ED9C09C-EE66-4D67-9CE8-F4B4F60A7BBE}.Debug|Any CPU.Build.0 = Debug|Any CPU
		{0ED9C09C-EE66-4D67-9CE8-F4B4F60A7BBE}.Release|Any CPU.ActiveCfg = Release|Any CPU
		{0ED9C09C-EE66-4D67-9CE8-F4B4F60A7BBE}.Release|Any CPU.Build.0 = Release|Any CPU
		{BD305CFC-818D-4260-983E-DB813455375F}.Debug|Any CPU.ActiveCfg = Debug|Any CPU
		{BD305CFC-818D-4260-983E-DB813455375F}.Debug|Any CPU.Build.0 = Debug|Any CPU
		{BD305CFC-818D-4260-983E-DB813455375F}.Release|Any CPU.ActiveCfg = Release|Any CPU
		{BD305CFC-818D-4260-983E-DB813455375F}.Release|Any CPU.Build.0 = Release|Any CPU
		{362CAF7D-5E87-4507-ABD4-8E74E63B0BE6}.Debug|Any CPU.ActiveCfg = Debug|Any CPU
		{362CAF7D-5E87-4507-ABD4-8E74E63B0BE6}.Debug|Any CPU.Build.0 = Debug|Any CPU
		{362CAF7D-5E87-4507-ABD4-8E74E63B0BE6}.Release|Any CPU.ActiveCfg = Release|Any CPU
		{362CAF7D-5E87-4507-ABD4-8E74E63B0BE6}.Release|Any CPU.Build.0 = Release|Any CPU
		{279F8315-5D5F-4B0E-993D-C0744CB9CBC4}.Debug|Any CPU.ActiveCfg = Debug|Any CPU
		{279F8315-5D5F-4B0E-993D-C0744CB9CBC4}.Debug|Any CPU.Build.0 = Debug|Any CPU
		{279F8315-5D5F-4B0E-993D-C0744CB9CBC4}.Release|Any CPU.ActiveCfg = Release|Any CPU
		{279F8315-5D5F-4B0E-993D-C0744CB9CBC4}.Release|Any CPU.Build.0 = Release|Any CPU
	EndGlobalSection
	GlobalSection(SolutionProperties) = preSolution
		HideSolutionNode = FALSE
	EndGlobalSection
	GlobalSection(ExtensibilityGlobals) = postSolution
		SolutionGuid = {EE5227B2-76F7-4E68-B8C3-3D6C7FC16E46}
	EndGlobalSection
EndGlobal
